
Microsoft Visual Studio Solution File, Format Version 12.00
# Visual Studio 2013
VisualStudioVersion = 12.0.21005.1
MinimumVisualStudioVersion = 10.0.40219.1
Project("{FAE04EC0-301F-11D3-BF4B-00C04F79EFBC}") = "Entity", "Entity\Entity.csproj", "{525D03A3-57EE-42CB-815A-AAEFC5E6D20E}"
EndProject
Project("{FAE04EC0-301F-11D3-BF4B-00C04F79EFBC}") = "DAL", "DAL\DAL.csproj", "{DA57B431-AF19-400F-86A5-F591C01F2D66}"
EndProject
Project("{FAE04EC0-301F-11D3-BF4B-00C04F79EFBC}") = "BO", "BO\BO.csproj", "{8EEC5AE9-0BFE-44FA-BC17-78F9C644D2E7}"
EndProject
Project("{FAE04EC0-301F-11D3-BF4B-00C04F79EFBC}") = "UI-Bank", "UI-Bank\UI-Bank.csproj", "{2C6BCE64-553B-43A7-B962-DCEA56C819D0}"
EndProject
Global
	GlobalSection(SolutionConfigurationPlatforms) = preSolution
		Debug|Any CPU = Debug|Any CPU
		Release|Any CPU = Release|Any CPU
	EndGlobalSection
	GlobalSection(ProjectConfigurationPlatforms) = postSolution
		{525D03A3-57EE-42CB-815A-AAEFC5E6D20E}.Debug|Any CPU.ActiveCfg = Debug|Any CPU
		{525D03A3-57EE-42CB-815A-AAEFC5E6D20E}.Debug|Any CPU.Build.0 = Debug|Any CPU
		{525D03A3-57EE-42CB-815A-AAEFC5E6D20E}.Release|Any CPU.ActiveCfg = Release|Any CPU
		{525D03A3-57EE-42CB-815A-AAEFC5E6D20E}.Release|Any CPU.Build.0 = Release|Any CPU
		{DA57B431-AF19-400F-86A5-F591C01F2D66}.Debug|Any CPU.ActiveCfg = Debug|Any CPU
		{DA57B431-AF19-400F-86A5-F591C01F2D66}.Debug|Any CPU.Build.0 = Debug|Any CPU
		{DA57B431-AF19-400F-86A5-F591C01F2D66}.Release|Any CPU.ActiveCfg = Release|Any CPU
		{DA57B431-AF19-400F-86A5-F591C01F2D66}.Release|Any CPU.Build.0 = Release|Any CPU
		{8EEC5AE9-0BFE-44FA-BC17-78F9C644D2E7}.Debug|Any CPU.ActiveCfg = Debug|Any CPU
		{8EEC5AE9-0BFE-44FA-BC17-78F9C644D2E7}.Debug|Any CPU.Build.0 = Debug|Any CPU
		{8EEC5AE9-0BFE-44FA-BC17-78F9C644D2E7}.Release|Any CPU.ActiveCfg = Release|Any CPU
		{8EEC5AE9-0BFE-44FA-BC17-78F9C644D2E7}.Release|Any CPU.Build.0 = Release|Any CPU
		{2C6BCE64-553B-43A7-B962-DCEA56C819D0}.Debug|Any CPU.ActiveCfg = Debug|Any CPU
		{2C6BCE64-553B-43A7-B962-DCEA56C819D0}.Debug|Any CPU.Build.0 = Debug|Any CPU
		{2C6BCE64-553B-43A7-B962-DCEA56C819D0}.Release|Any CPU.ActiveCfg = Release|Any CPU
		{2C6BCE64-553B-43A7-B962-DCEA56C819D0}.Release|Any CPU.Build.0 = Release|Any CPU
	EndGlobalSection
	GlobalSection(SolutionProperties) = preSolution
		HideSolutionNode = FALSE
	EndGlobalSection
EndGlobal
